Microsoft Visual Studio Solution File, Format Version 12.00
# Visual Studio Version 16
VisualStudioVersion = 16.0.0.0
MinimumVisualStudioVersion = 16.0.0.0
Project("{9A19103F-16F7-4668-BE54-9A1E7A4F7556}") = "LoginDemo.Server", "Server\LoginDemo.Server.csproj", "{9CD0DD14-E34E-45F7-84B9-93D82F762E26}"
EndProject
Project("{9A19103F-16F7-4668-BE54-9A1E7A4F7556}") = "LoginDemo.Client", "Client\LoginDemo.Client.csproj", "{39239C1F-6BFC-4716-A328-189482B7EBBC}"
EndProject
Project("{9A19103F-16F7-4668-BE54-9A1E7A4F7556}") = "LoginDemo.Shared", "Shared\LoginDemo.Shared.csproj", "{3F8E5723-12C2-4FD6-A74E-03E298D9D7C6}"
EndProject
Global
	GlobalSection(SolutionConfigurationPlatforms) = preSolution
		Debug|Any CPU = Debug|Any CPU
		Debug|x64 = Debug|x64
		Debug|x86 = Debug|x86
		Release|Any CPU = Release|Any CPU
		Release|x64 = Release|x64
		Release|x86 = Release|x86
	EndGlobalSection
	GlobalSection(ProjectConfigurationPlatforms) = postSolution
		{39239C1F-6BFC-4716-A328-189482B7EBBC}.Debug|Any CPU.ActiveCfg = Debug|Any CPU
		{39239C1F-6BFC-4716-A328-189482B7EBBC}.Debug|Any CPU.Build.0 = Debug|Any CPU
		{39239C1F-6BFC-4716-A328-189482B7EBBC}.Debug|x64.ActiveCfg = Debug|Any CPU
		{39239C1F-6BFC-4716-A328-189482B7EBBC}.Debug|x64.Build.0 = Debug|Any CPU
		{39239C1F-6BFC-4716-A328-189482B7EBBC}.Debug|x86.ActiveCfg = Debug|Any CPU
		{39239C1F-6BFC-4716-A328-189482B7EBBC}.Debug|x86.Build.0 = Debug|Any CPU
		{39239C1F-6BFC-4716-A328-189482B7EBBC}.Release|Any CPU.ActiveCfg = Release|Any CPU
		{39239C1F-6BFC-4716-A328-189482B7EBBC}.Release|Any CPU.Build.0 = Release|Any CPU
		{39239C1F-6BFC-4716-A328-189482B7EBBC}.Release|x64.ActiveCfg = Release|Any CPU
		{39239C1F-6BFC-4716-A328-189482B7EBBC}.Release|x64.Build.0 = Release|Any CPU
		{39239C1F-6BFC-4716-A328-189482B7EBBC}.Release|x86.ActiveCfg = Release|Any CPU
		{39239C1F-6BFC-4716-A328-189482B7EBBC}.Release|x86.Build.0 = Release|Any CPU
		{9CD0DD14-E34E-45F7-84B9-93D82F762E26}.Debug|Any CPU.ActiveCfg = Debug|Any CPU
		{9CD0DD14-E34E-45F7-84B9-93D82F762E26}.Debug|Any CPU.Build.0 = Debug|Any CPU
		{9CD0DD14-E34E-45F7-84B9-93D82F762E26}.Debug|x64.ActiveCfg = Debug|Any CPU
		{9CD0DD14-E34E-45F7-84B9-93D82F762E26}.Debug|x64.Build.0 = Debug|Any CPU
		{9CD0DD14-E34E-45F7-84B9-93D82F762E26}.Debug|x86.ActiveCfg = Debug|Any CPU
		{9CD0DD14-E34E-45F7-84B9-93D82F762E26}.Debug|x86.Build.0 = Debug|Any CPU
		{9CD0DD14-E34E-45F7-84B9-93D82F762E26}.Release|Any CPU.ActiveCfg = Release|Any CPU
		{9CD0DD14-E34E-45F7-84B9-93D82F762E26}.Release|Any CPU.Build.0 = Release|Any CPU
		{9CD0DD14-E34E-45F7-84B9-93D82F762E26}.Release|x64.ActiveCfg = Release|Any CPU
		{9CD0DD14-E34E-45F7-84B9-93D82F762E26}.Release|x64.Build.0 = Release|Any CPU
		{9CD0DD14-E34E-45F7-84B9-93D82F762E26}.Release|x86.ActiveCfg = Release|Any CPU
		{9CD0DD14-E34E-45F7-84B9-93D82F762E26}.Release|x86.Build.0 = Release|Any CPU
		{3F8E5723-12C2-4FD6-A74E-03E298D9D7C6}.Debug|Any CPU.ActiveCfg = Debug|Any CPU
		{3F8E5723-12C2-4FD6-A74E-03E298D9D7C6}.Debug|Any CPU.Build.0 = Debug|Any CPU
		{3F8E5723-12C2-4FD6-A74E-03E298D9D7C6}.Debug|x64.ActiveCfg = Debug|Any CPU
		{3F8E5723-12C2-4FD6-A74E-03E298D9D7C6}.Debug|x64.Build.0 = Debug|Any CPU
		{3F8E5723-12C2-4FD6-A74E-03E298D9D7C6}.Debug|x86.ActiveCfg = Debug|Any CPU
		{3F8E5723-12C2-4FD6-A74E-03E298D9D7C6}.Debug|x86.Build.0 = Debug|Any CPU
		{3F8E5723-12C2-4FD6-A74E-03E298D9D7C6}.Release|Any CPU.ActiveCfg = Release|Any CPU
		{3F8E5723-12C2-4FD6-A74E-03E298D9D7C6}.Release|Any CPU.Build.0 = Release|Any CPU
		{3F8E5723-12C2-4FD6-A74E-03E298D9D7C6}.Release|x64.ActiveCfg = Release|Any CPU
		{3F8E5723-12C2-4FD6-A74E-03E298D9D7C6}.Release|x64.Build.0 = Release|Any CPU
		{3F8E5723-12C2-4FD6-A74E-03E298D9D7C6}.Release|x86.ActiveCfg = Release|Any CPU
		{3F8E5723-12C2-4FD6-A74E-03E298D9D7C6}.Release|x86.Build.0 = Release|Any CPU
	EndGlobalSection
	GlobalSection(SolutionProperties) = preSolution
		HideSolutionNode = FALSE
	EndGlobalSection
	GlobalSection(ExtensibilityGlobals) = postSolution
		SolutionGuid = {B503D2DF-E7BF-441A-A0A4-E307ABBEE48E}
	EndGlobalSection
EndGlobal